{
  "pins" : [
    {
      "identity" : "biometricsdk",
      "kind" : "remoteSourceControl",
      "location" : "https://github.com/ZYTRUST/BiometricSDK.git",
      "state" : {
        "revision" : "5ebbb8a4d29d8772900102dd9419c4eda55469c1",
        "version" : "4.34.13"
      }
    },
    {
      "identity" : "biometricsdkalgorithmplugin_f6_0_idd80",
      "kind" : "remoteSourceControl",
      "location" : "https://github.com/ZYTRUST/BiometricSDKAlgorithmPlugin_F6_0_IDD80.git",
      "state" : {
        "revision" : "c8f16d23aab87e0c86b03514ad0269817e945654",
        "version" : "4.34.6"
      }
    },
    {
      "identity" : "biometricsdkfacecapturepluginnormal",
      "kind" : "remoteSourceControl",
      "location" : "https://github.com/ZYTRUST/BiometricSDKFaceCapturePluginNormal.git",
      "state" : {
        "revision" : "f7add3d0793000b229d6fe8d35d698b7986d2b7b",
        "version" : "4.34.6"
      }
    },
    {
      "identity" : "biometricsdkuifacemodepassivecore",
      "kind" : "remoteSourceControl",
      "location" : "https://github.com/ZYTRUST/BiometricSDKUIFaceModePassiveCore.git",
      "state" : {
        "revision" : "a5587843c2a96ae29fd5f6fbf197e0253da422d1",
        "version" : "2.3.7"
      }
    },
    {
      "identity" : "lottie-ios",
      "kind" : "remoteSourceControl",
      "location" : "https://github.com/airbnb/lottie-ios.git",
      "state" : {
        "revision" : "fe4c6fe3a0aa66cdeb51d549623c82ca9704b9a5",
        "version" : "4.5.0"
      }
    }
  ],
  "version" : 2
}
